{
  "name": "test-1",
  "version": "1.0.0",
  "lockfileVersion": 2,
  "requires": true,
  "packages": {
    "": {
      "version": "1.0.0",
      "license": "ISC",
      "dependencies": {
        "lodash": "^1.0.0"
      }
    },
    "node_modules/lodash": {
      "version": "1.0.0",
      "resolved": "https://registry.npmjs.org/lodash/-/lodash-1.0.0.tgz",
      "integrity": "sha1-JTXC99y2k3zujSZyxfcTju4N9qk=",
      "engines": [
        "node",
        "rhino"
      ]
    }
  },
  "dependencies": {
    "lodash": {
      "version": "1.0.0",
      "resolved": "https://registry.npmjs.org/lodash/-/lodash-1.0.0.tgz",
      "integrity": "sha1-JTXC99y2k3zujSZyxfcTju4N9qk="
    }
  }
}
